# THIS IS AN AUTOGENERATED FILE. DO NOT EDIT THIS FILE DIRECTLY.
# yarn lockfile v1


ci-info@^3.1.1:
  version "3.1.1"
  resolved "https://registry.yarnpkg.com/ci-info/-/ci-info-3.1.1.tgz#9a32fcefdf7bcdb6f0a7e1c0f8098ec57897b80a"
  integrity sha512-kdRWLBIJwdsYJWYJFtAFFYxybguqeF91qpZaggjG5Nf8QKdizFG2hjqvaTXbxFIcYbSaD74KpAXv6BSm17DHEQ==
