# THIS IS AN AUTOGENERATED FILE. DO NOT EDIT THIS FILE DIRECTLY.
# yarn lockfile v1


ci-info@^1.0.0:
  version "1.1.3"
  resolved "https://registry.yarnpkg.com/ci-info/-/ci-info-1.1.3.tgz#710193264bb05c77b8c90d02f5aaf22216a667b2"

is-ci@^1.1.0:
  version "1.1.0"
  resolved "https://registry.yarnpkg.com/is-ci/-/is-ci-1.1.0.tgz#247e4162e7860cebbdaf30b774d6b0ac7dcfe7a5"
  dependencies:
    ci-info "^1.0.0"
